{
  "name": "lilypad",
  "lockfileVersion": 2,
  "requires": true,
  "packages": {
    "": {
      "dependencies": {
        "@openzeppelin/contracts-upgradeable": "^4.8.1"
      }
    },
    "node_modules/@openzeppelin/contracts-upgradeable": {
      "version": "4.8.1",
      "resolved": "https://registry.npmjs.org/@openzeppelin/contracts-upgradeable/-/contracts-upgradeable-4.8.1.tgz",
      "integrity": "sha512-1wTv+20lNiC0R07jyIAbHU7TNHKRwGiTGRfiNnA8jOWjKT98g5OgLpYWOi40Vgpk8SPLA9EvfJAbAeIyVn+7Bw=="
    }
  },
  "dependencies": {
    "@openzeppelin/contracts-upgradeable": {
      "version": "4.8.1",
      "resolved": "https://registry.npmjs.org/@openzeppelin/contracts-upgradeable/-/contracts-upgradeable-4.8.1.tgz",
      "integrity": "sha512-1wTv+20lNiC0R07jyIAbHU7TNHKRwGiTGRfiNnA8jOWjKT98g5OgLpYWOi40Vgpk8SPLA9EvfJAbAeIyVn+7Bw=="
    }
  }
}
